// !$*UTF8*$!
{
	archiveVersion = 1;
	classes = {
	};
	objectVersion = 46;
	objects = {

/* Begin PBXBuildFile section */
		839A689D1D93445400557406 /* main.m in Sources */ = {isa = PBXBuildFile; fileRef = 839A689C1D93445400557406 /* main.m */; };
		839A68A01D93445400557406 /* AppDelegate.m in Sources */ = {isa = PBXBuildFile; fileRef = 839A689F1D93445400557406 /* AppDelegate.m */; };
		839A68A31D93445400557406 /* ViewController.m in Sources */ = {isa = PBXBuildFile; fileRef = 839A68A21D93445400557406 /* ViewController.m */; };
		839A68A61D93445400557406 /* Main.storyboard in Resources */ = {isa = PBXBuildFile; fileRef = 839A68A41D93445400557406 /* Main.storyboard */; };
		839A68A91D93445400557406 /* IOs2___Aula02.xcdatamodeld in Sources */ = {isa = PBXBuildFile; fileRef = 839A68A71D93445400557406 /* IOs2___Aula02.xcdatamodeld */; };
		839A68AB1D93445400557406 /* Assets.xcassets in Resources */ = {isa = PBXBuildFile; fileRef = 839A68AA1D93445400557406 /* Assets.xcassets */; };
		839A68AE1D93445400557406 /* LaunchScreen.storyboard in Resources */ = {isa = PBXBuildFile; fileRef = 839A68AC1D93445400557406 /* LaunchScreen.storyboard */; };
		839A68B71D93549100557406 /* FallBehavior.m in Sources */ = {isa = PBXBuildFile; fileRef = 839A68B61D93549100557406 /* FallBehavior.m */; };
/* End PBXBuildFile section */

/* Begin PBXFileReference section */
		839A68981D93445400557406 /* IOs2 - Aula02.app */ = {isa = PBXFileReference; explicitFileType = wrapper.application; includeInIndex = 0; path = "IOs2 - Aula02.app"; sourceTree = BUILT_PRODUCTS_DIR; };
		839A689C1D93445400557406 /* main.m */ = {isa = PBXFileReference; lastKnownFileType = sourcecode.c.objc; path = main.m; sourceTree = "<group>"; };
		839A689E1D93445400557406 /* AppDelegate.h */ = {isa = PBXFileReference; lastKnownFileType = sourcecode.c.h; path = AppDelegate.h; sourceTree = "<group>"; };
		839A689F1D93445400557406 /* AppDelegate.m */ = {isa = PBXFileReference; lastKnownFileType = sourcecode.c.objc; path = AppDelegate.m; sourceTree = "<group>"; };
		839A68A11D93445400557406 /* ViewController.h */ = {isa = PBXFileReference; lastKnownFileType = sourcecode.c.h; path = ViewController.h; sourceTree = "<group>"; };
		839A68A21D93445400557406 /* ViewController.m */ = {isa = PBXFileReference; lastKnownFileType = sourcecode.c.objc; path = ViewController.m; sourceTree = "<group>"; };
		839A68A51D93445400557406 /* Base */ = {isa = PBXFileReference; lastKnownFileType = file.storyboard; name = Base; path = Base.lproj/Main.storyboard; sourceTree = "<group>"; };
		839A68A81D93445400557406 /* IOs2___Aula02.xcdatamodel */ = {isa = PBXFileReference; lastKnownFileType = wrapper.xcdatamodel; path = "IOs2___Aula02.xcdatamodel"; sourceTree = "<group>"; };
		839A68AA1D93445400557406 /* Assets.xcassets */ = {isa = PBXFileReference; lastKnownFileType = folder.assetcatalog; path = Assets.xcassets; sourceTree = "<group>"; };
		839A68AD1D93445400557406 /* Base */ = {isa = PBXFileReference; lastKnownFileType = file.storyboard; name = Base; path = Base.lproj/LaunchScreen.storyboard; sourceTree = "<group>"; };
		839A68AF1D93445400557406 /* Info.plist */ = {isa = PBXFileReference; lastKnownFileType = text.plist.xml; path = Info.plist; sourceTree = "<group>"; };
		839A68B51D93549100557406 /* FallBehavior.h */ = {isa = PBXFileReference; fileEncoding = 4; lastKnownFileType = sourcecode.c.h; path = FallBehavior.h; sourceTree = "<group>"; };
		839A68B61D93549100557406 /* FallBehavior.m */ = {isa = PBXFileReference; fileEncoding = 4; lastKnownFileType = sourcecode.c.objc; path = FallBehavior.m; sourceTree = "<group>"; };
/* End PBXFileReference section */

/* Begin PBXFrameworksBuildPhase section */
		839A68951D93445400557406 /* Frameworks */ = {
			isa = PBXFrameworksBuildPhase;
			buildActionMask = 2147483647;
			files = (
			);
			runOnlyForDeploymentPostprocessing = 0;
		};
/* End PBXFrameworksBuildPhase section */

/* Begin PBXGroup section */
		839A688F1D93445400557406 = {
			isa = PBXGroup;
			children = (
				839A689A1D93445400557406 /* IOs2 - Aula02 */,
				839A68991D93445400557406 /* Products */,
			);
			sourceTree = "<group>";
		};
		839A68991D93445400557406 /* Products */ = {
			isa = PBXGroup;
			children = (
				839A68981D93445400557406 /* IOs2 - Aula02.app */,
			);
			name = Products;
			sourceTree = "<group>";
		};
		839A689A1D93445400557406 /* IOs2 - Aula02 */ = {
			isa = PBXGroup;
			children = (
				839A689E1D93445400557406 /* AppDelegate.h */,
				839A689F1D93445400557406 /* AppDelegate.m */,
				839A68A11D93445400557406 /* ViewController.h */,
				839A68A21D93445400557406 /* ViewController.m */,
				839A68A41D93445400557406 /* Main.storyboard */,
				839A68AA1D93445400557406 /* Assets.xcassets */,
				839A68AC1D93445400557406 /* LaunchScreen.storyboard */,
				839A68AF1D93445400557406 /* Info.plist */,
				839A68A71D93445400557406 /* IOs2___Aula02.xcdatamodeld */,
				839A689B1D93445400557406 /* Supporting Files */,
				839A68B51D93549100557406 /* FallBehavior.h */,
				839A68B61D93549100557406 /* FallBehavior.m */,
			);
			path = "IOs2 - Aula02";
			sourceTree = "<group>";
		};
		839A689B1D93445400557406 /* Supporting Files */ = {
			isa = PBXGroup;
			children = (
				839A689C1D93445400557406 /* main.m */,
			);
			name = "Supporting Files";
			sourceTree = "<group>";
		};
/* End PBXGroup section */

/* Begin PBXNativeTarget section */
		839A68971D93445400557406 /* IOs2 - Aula02 */ = {
			isa = PBXNativeTarget;
			buildConfigurationList = 839A68B21D93445400557406 /* Build configuration list for PBXNativeTarget "IOs2 - Aula02" */;
			buildPhases = (
				839A68941D93445400557406 /* Sources */,
				839A68951D93445400557406 /* Frameworks */,
				839A68961D93445400557406 /* Resources */,
			);
			buildRules = (
			);
			dependencies = (
			);
			name = "IOs2 - Aula02";
			productName = "IOs2 - Aula02";
			productReference = 839A68981D93445400557406 /* IOs2 - Aula02.app */;
			productType = "com.apple.product-type.application";
		};
/* End PBXNativeTarget section */

/* Begin PBXProject section */
		839A68901D93445400557406 /* Project object */ = {
			isa = PBXProject;
			attributes = {
				LastUpgradeCheck = 0730;
				ORGANIZATIONNAME = ADMINISTRADOR;
				TargetAttributes = {
					839A68971D93445400557406 = {
						CreatedOnToolsVersion = 7.3.1;
					};
				};
			};
			buildConfigurationList = 839A68931D93445400557406 /* Build configuration list for PBXProject "IOs2 - Aula02" */;
			compatibilityVersion = "Xcode 3.2";
			developmentRegion = English;
			hasScannedForEncodings = 0;
			knownRegions = (
				en,
				Base,
			);
			mainGroup = 839A688F1D93445400557406;
			productRefGroup = 839A68991D93445400557406 /* Products */;
			projectDirPath = "";
			projectRoot = "";
			targets = (
				839A68971D93445400557406 /* IOs2 - Aula02 */,
			);
		};
/* End PBXProject section */

/* Begin PBXResourcesBuildPhase section */
		839A68961D93445400557406 /* Resources */ = {
			isa = PBXResourcesBuildPhase;
			buildActionMask = 2147483647;
			files = (
				839A68AE1D93445400557406 /* LaunchScreen.storyboard in Resources */,
				839A68AB1D93445400557406 /* Assets.xcassets in Resources */,
				839A68A61D93445400557406 /* Main.storyboard in Resources */,
			);
			runOnlyForDeploymentPostprocessing = 0;
		};
/* End PBXResourcesBuildPhase section */

/* Begin PBXSourcesBuildPhase section */
		839A68941D93445400557406 /* Sources */ = {
			isa = PBXSourcesBuildPhase;
			buildActionMask = 2147483647;
			files = (
				839A68B71D93549100557406 /* FallBehavior.m in Sources */,
				839A68A31D93445400557406 /* ViewController.m in Sources */,
				839A68A91D93445400557406 /* IOs2___Aula02.xcdatamodeld in Sources */,
				839A68A01D93445400557406 /* AppDelegate.m in Sources */,
				839A689D1D93445400557406 /* main.m in Sources */,
			);
			runOnlyForDeploymentPostprocessing = 0;
		};
/* End PBXSourcesBuildPhase section */

/* Begin PBXVariantGroup section */
		839A68A41D93445400557406 /* Main.storyboard */ = {
			isa = PBXVariantGroup;
			children = (
				839A68A51D93445400557406 /* Base */,
			);
			name = Main.storyboard;
			sourceTree = "<group>";
		};
		839A68AC1D93445400557406 /* LaunchScreen.storyboard */ = {
			isa = PBXVariantGroup;
			children = (
				839A68AD1D93445400557406 /* Base */,
			);
			name = LaunchScreen.storyboard;
			sourceTree = "<group>";
		};
/* End PBXVariantGroup section */

/* Begin XCBuildConfiguration section */
		839A68B01D93445400557406 /* Debug */ = {
			isa = XCBuildConfiguration;
			buildSettings = {
				ALWAYS_SEARCH_USER_PATHS = NO;
				CLANG_ANALYZER_NONNULL = YES;
				CLANG_CXX_LANGUAGE_STANDARD = "gnu++0x";
				CLANG_CXX_LIBRARY = "libc++";
				CLANG_ENABLE_MODULES = YES;
				CLANG_ENABLE_OBJC_ARC = YES;
				CLANG_WARN_BOOL_CONVERSION = YES;
				CLANG_WARN_CONSTANT_CONVERSION = YES;
				CLANG_WARN_DIRECT_OBJC_ISA_USAGE = YES_ERROR;
				CLANG_WARN_EMPTY_BODY = YES;
				CLANG_WARN_ENUM_CONVERSION = YES;
				CLANG_WARN_INT_CONVERSION = YES;
				CLANG_WARN_OBJC_ROOT_CLASS = YES_ERROR;
				CLANG_WARN_UNREACHABLE_CODE = YES;
				CLANG_WARN__DUPLICATE_METHOD_MATCH = YES;
				"CODE_SIGN_IDENTITY[sdk=iphoneos*]" = "iPhone Developer";
				COPY_PHASE_STRIP = NO;
				DEBUG_INFORMATION_FORMAT = dwarf;
				ENABLE_STRICT_OBJC_MSGSEND = YES;
				ENABLE_TESTABILITY = YES;
				GCC_C_LANGUAGE_STANDARD = gnu99;
				GCC_DYNAMIC_NO_PIC = NO;
				GCC_NO_COMMON_BLOCKS = YES;
				GCC_OPTIMIZATION_LEVEL = 0;
				GCC_PREPROCESSOR_DEFINITIONS = (
					"DEBUG=1",
					"$(inherited)",
				);
				GCC_WARN_64_TO_32_BIT_CONVERSION = YES;
				GCC_WARN_ABOUT_RETURN_TYPE = YES_ERROR;
				GCC_WARN_UNDECLARED_SELECTOR = YES;
				GCC_WARN_UNINITIALIZED_AUTOS = YES_AGGRESSIVE;
				GCC_WARN_UNUSED_FUNCTION = YES;
				GCC_WARN_UNUSED_VARIABLE = YES;
				IPHONEOS_DEPLOYMENT_TARGET = 9.3;
				MTL_ENABLE_DEBUG_INFO = YES;
				ONLY_ACTIVE_ARCH = YES;
				SDKROOT = iphoneos;
				TARGETED_DEVICE_FAMILY = "1,2";
			};
			name = Debug;
		};
		839A68B11D93445400557406 /* Release */ = {
			isa = XCBuildConfiguration;
			buildSettings = {
				ALWAYS_SEARCH_USER_PATHS = NO;
				CLANG_ANALYZER_NONNULL = YES;
				CLANG_CXX_LANGUAGE_STANDARD = "gnu++0x";
				CLANG_CXX_LIBRARY = "libc++";
				CLANG_ENABLE_MODULES = YES;
				CLANG_ENABLE_OBJC_ARC = YES;
				CLANG_WARN_BOOL_CONVERSION = YES;
				CLANG_WARN_CONSTANT_CONVERSION = YES;
				CLANG_WARN_DIRECT_OBJC_ISA_USAGE = YES_ERROR;
				CLANG_WARN_EMPTY_BODY = YES;
				CLANG_WARN_ENUM_CONVERSION = YES;
				CLANG_WARN_INT_CONVERSION = YES;
				CLANG_WARN_OBJC_ROOT_CLASS = YES_ERROR;
				CLANG_WARN_UNREACHABLE_CODE = YES;
				CLANG_WARN__DUPLICATE_METHOD_MATCH = YES;
				"CODE_SIGN_IDENTITY[sdk=iphoneos*]" = "iPhone Developer";
				COPY_PHASE_STRIP = NO;
				DEBUG_INFORMATION_FORMAT = "dwarf-with-dsym";
				ENABLE_NS_ASSERTIONS = NO;
				ENABLE_STRICT_OBJC_MSGSEND = YES;
				GCC_C_LANGUAGE_STANDARD = gnu99;
				GCC_NO_COMMON_BLOCKS = YES;
				GCC_WARN_64_TO_32_BIT_CONVERSION = YES;
				GCC_WARN_ABOUT_RETURN_TYPE = YES_ERROR;
				GCC_WARN_UNDECLARED_SELECTOR = YES;
				GCC_WARN_UNINITIALIZED_AUTOS = YES_AGGRESSIVE;
				GCC_WARN_UNUSED_FUNCTION = YES;
				GCC_WARN_UNUSED_VARIABLE = YES;
				IPHONEOS_DEPLOYMENT_TARGET = 9.3;
				MTL_ENABLE_DEBUG_INFO = NO;
				SDKROOT = iphoneos;
				TARGETED_DEVICE_FAMILY = "1,2";
				VALIDATE_PRODUCT = YES;
			};
			name = Release;
		};
		839A68B31D93445400557406 /* Debug */ = {
			isa = XCBuildConfiguration;
			buildSettings = {
				ASSETCATALOG_COMPILER_APPICON_NAME = AppIcon;
				INFOPLIST_FILE = "IOs2 - Aula02/Info.plist";
				LD_RUNPATH_SEARCH_PATHS = "$(inherited) @executable_path/Frameworks";
				PRODUCT_BUNDLE_IDENTIFIER = "br.iesb.IOs2---Aula02";
				PRODUCT_NAME = "$(TARGET_NAME)";
			};
			name = Debug;
		};
		839A68B41D93445400557406 /* Release */ = {
			isa = XCBuildConfiguration;
			buildSettings = {
				ASSETCATALOG_COMPILER_APPICON_NAME = AppIcon;
				INFOPLIST_FILE = "IOs2 - Aula02/Info.plist";
				LD_RUNPATH_SEARCH_PATHS = "$(inherited) @executable_path/Frameworks";
				PRODUCT_BUNDLE_IDENTIFIER = "br.iesb.IOs2---Aula02";
				PRODUCT_NAME = "$(TARGET_NAME)";
			};
			name = Release;
		};
/* End XCBuildConfiguration section */

/* Begin XCConfigurationList section */
		839A68931D93445400557406 /* Build configuration list for PBXProject "IOs2 - Aula02" */ = {
			isa = XCConfigurationList;
			buildConfigurations = (
				839A68B01D93445400557406 /* Debug */,
				839A68B11D93445400557406 /* Release */,
			);
			defaultConfigurationIsVisible = 0;
			defaultConfigurationName = Release;
		};
		839A68B21D93445400557406 /* Build configuration list for PBXNativeTarget "IOs2 - Aula02" */ = {
			isa = XCConfigurationList;
			buildConfigurations = (
				839A68B31D93445400557406 /* Debug */,
				839A68B41D93445400557406 /* Release */,
			);
			defaultConfigurationIsVisible = 0;
		};
/* End XCConfigurationList section */

/* Begin XCVersionGroup section */
		839A68A71D93445400557406 /* IOs2___Aula02.xcdatamodeld */ = {
			isa = XCVersionGroup;
			children = (
				839A68A81D93445400557406 /* IOs2___Aula02.xcdatamodel */,
			);
			currentVersion = 839A68A81D93445400557406 /* IOs2___Aula02.xcdatamodel */;
			path = "IOs2___Aula02.xcdatamodeld";
			sourceTree = "<group>";
			versionGroupType = wrapper.xcdatamodel;
		};
/* End XCVersionGroup section */
	};
	rootObject = 839A68901D93445400557406 /* Project object */;
}
