// !$*UTF8*$!
{
	archiveVersion = 1;
	classes = {
	};
	objectVersion = 46;
	objects = {

/* Begin PBXBuildFile section */
		FC2253DA1DD09E600089B553 /* main.m in Sources */ = {isa = PBXBuildFile; fileRef = FC2253D91DD09E600089B553 /* main.m */; };
		FC2253DD1DD09E600089B553 /* AppDelegate.m in Sources */ = {isa = PBXBuildFile; fileRef = FC2253DC1DD09E600089B553 /* AppDelegate.m */; };
		FC2253E01DD09E600089B553 /* ViewController.m in Sources */ = {isa = PBXBuildFile; fileRef = FC2253DF1DD09E600089B553 /* ViewController.m */; };
		FC2253E31DD09E600089B553 /* Main.storyboard in Resources */ = {isa = PBXBuildFile; fileRef = FC2253E11DD09E600089B553 /* Main.storyboard */; };
		FC2253E61DD09E600089B553 /* ExerciciosAula06.xcdatamodeld in Sources */ = {isa = PBXBuildFile; fileRef = FC2253E41DD09E600089B553 /* ExerciciosAula06.xcdatamodeld */; };
		FC2253E81DD09E600089B553 /* Assets.xcassets in Resources */ = {isa = PBXBuildFile; fileRef = FC2253E71DD09E600089B553 /* Assets.xcassets */; };
		FC2253EB1DD09E600089B553 /* LaunchScreen.storyboard in Resources */ = {isa = PBXBuildFile; fileRef = FC2253E91DD09E600089B553 /* LaunchScreen.storyboard */; };
		FC2253FA1DD0A3900089B553 /* InstagramTableViewCell.m in Sources */ = {isa = PBXBuildFile; fileRef = FC2253F81DD0A3900089B553 /* InstagramTableViewCell.m */; };
		FC2253FB1DD0A3900089B553 /* InstagramTableViewCell.xib in Resources */ = {isa = PBXBuildFile; fileRef = FC2253F91DD0A3900089B553 /* InstagramTableViewCell.xib */; };
		FC2253FE1DD0A3AB0089B553 /* InstagramTableViewController.m in Sources */ = {isa = PBXBuildFile; fileRef = FC2253FD1DD0A3AB0089B553 /* InstagramTableViewController.m */; };
		FC2254011DD1E6FA0089B553 /* FacebookTableViewController.m in Sources */ = {isa = PBXBuildFile; fileRef = FC2254001DD1E6FA0089B553 /* FacebookTableViewController.m */; };
		FC2254051DD1E7130089B553 /* FacebookTableViewCell.m in Sources */ = {isa = PBXBuildFile; fileRef = FC2254031DD1E7130089B553 /* FacebookTableViewCell.m */; };
		FC2254061DD1E7130089B553 /* FacebookTableViewCell.xib in Resources */ = {isa = PBXBuildFile; fileRef = FC2254041DD1E7130089B553 /* FacebookTableViewCell.xib */; };
		FC6212D91DD33C1500CE3A6D /* TwitterTableViewController.m in Sources */ = {isa = PBXBuildFile; fileRef = FC6212D81DD33C1500CE3A6D /* TwitterTableViewController.m */; };
		FC6212E21DD33C9200CE3A6D /* TwitterTableViewCell.m in Sources */ = {isa = PBXBuildFile; fileRef = FC6212E01DD33C9200CE3A6D /* TwitterTableViewCell.m */; };
		FC6212E31DD33C9200CE3A6D /* TwitterTableViewCell.xib in Resources */ = {isa = PBXBuildFile; fileRef = FC6212E11DD33C9200CE3A6D /* TwitterTableViewCell.xib */; };
/* End PBXBuildFile section */

/* Begin PBXFileReference section */
		FC2253D51DD09E600089B553 /* ExerciciosAula06.app */ = {isa = PBXFileReference; explicitFileType = wrapper.application; includeInIndex = 0; path = ExerciciosAula06.app; sourceTree = BUILT_PRODUCTS_DIR; };
		FC2253D91DD09E600089B553 /* main.m */ = {isa = PBXFileReference; lastKnownFileType = sourcecode.c.objc; path = main.m; sourceTree = "<group>"; };
		FC2253DB1DD09E600089B553 /* AppDelegate.h */ = {isa = PBXFileReference; lastKnownFileType = sourcecode.c.h; path = AppDelegate.h; sourceTree = "<group>"; };
		FC2253DC1DD09E600089B553 /* AppDelegate.m */ = {isa = PBXFileReference; lastKnownFileType = sourcecode.c.objc; path = AppDelegate.m; sourceTree = "<group>"; };
		FC2253DE1DD09E600089B553 /* ViewController.h */ = {isa = PBXFileReference; lastKnownFileType = sourcecode.c.h; path = ViewController.h; sourceTree = "<group>"; };
		FC2253DF1DD09E600089B553 /* ViewController.m */ = {isa = PBXFileReference; lastKnownFileType = sourcecode.c.objc; path = ViewController.m; sourceTree = "<group>"; };
		FC2253E21DD09E600089B553 /* Base */ = {isa = PBXFileReference; lastKnownFileType = file.storyboard; name = Base; path = Base.lproj/Main.storyboard; sourceTree = "<group>"; };
		FC2253E51DD09E600089B553 /* ExerciciosAula06.xcdatamodel */ = {isa = PBXFileReference; lastKnownFileType = wrapper.xcdatamodel; path = ExerciciosAula06.xcdatamodel; sourceTree = "<group>"; };
		FC2253E71DD09E600089B553 /* Assets.xcassets */ = {isa = PBXFileReference; lastKnownFileType = folder.assetcatalog; path = Assets.xcassets; sourceTree = "<group>"; };
		FC2253EA1DD09E600089B553 /* Base */ = {isa = PBXFileReference; lastKnownFileType = file.storyboard; name = Base; path = Base.lproj/LaunchScreen.storyboard; sourceTree = "<group>"; };
		FC2253EC1DD09E600089B553 /* Info.plist */ = {isa = PBXFileReference; lastKnownFileType = text.plist.xml; path = Info.plist; sourceTree = "<group>"; };
		FC2253F71DD0A3900089B553 /* InstagramTableViewCell.h */ = {isa = PBXFileReference; fileEncoding = 4; lastKnownFileType = sourcecode.c.h; path = InstagramTableViewCell.h; sourceTree = "<group>"; };
		FC2253F81DD0A3900089B553 /* InstagramTableViewCell.m */ = {isa = PBXFileReference; fileEncoding = 4; lastKnownFileType = sourcecode.c.objc; path = InstagramTableViewCell.m; sourceTree = "<group>"; };
		FC2253F91DD0A3900089B553 /* InstagramTableViewCell.xib */ = {isa = PBXFileReference; fileEncoding = 4; lastKnownFileType = file.xib; path = InstagramTableViewCell.xib; sourceTree = "<group>"; };
		FC2253FC1DD0A3AB0089B553 /* InstagramTableViewController.h */ = {isa = PBXFileReference; fileEncoding = 4; lastKnownFileType = sourcecode.c.h; path = InstagramTableViewController.h; sourceTree = "<group>"; };
		FC2253FD1DD0A3AB0089B553 /* InstagramTableViewController.m */ = {isa = PBXFileReference; fileEncoding = 4; lastKnownFileType = sourcecode.c.objc; path = InstagramTableViewController.m; sourceTree = "<group>"; };
		FC2253FF1DD1E6FA0089B553 /* FacebookTableViewController.h */ = {isa = PBXFileReference; fileEncoding = 4; lastKnownFileType = sourcecode.c.h; path = FacebookTableViewController.h; sourceTree = "<group>"; };
		FC2254001DD1E6FA0089B553 /* FacebookTableViewController.m */ = {isa = PBXFileReference; fileEncoding = 4; lastKnownFileType = sourcecode.c.objc; path = FacebookTableViewController.m; sourceTree = "<group>"; };
		FC2254021DD1E7130089B553 /* FacebookTableViewCell.h */ = {isa = PBXFileReference; fileEncoding = 4; lastKnownFileType = sourcecode.c.h; path = FacebookTableViewCell.h; sourceTree = "<group>"; };
		FC2254031DD1E7130089B553 /* FacebookTableViewCell.m */ = {isa = PBXFileReference; fileEncoding = 4; lastKnownFileType = sourcecode.c.objc; path = FacebookTableViewCell.m; sourceTree = "<group>"; };
		FC2254041DD1E7130089B553 /* FacebookTableViewCell.xib */ = {isa = PBXFileReference; fileEncoding = 4; lastKnownFileType = file.xib; path = FacebookTableViewCell.xib; sourceTree = "<group>"; };
		FC6212D71DD33C1500CE3A6D /* TwitterTableViewController.h */ = {isa = PBXFileReference; fileEncoding = 4; lastKnownFileType = sourcecode.c.h; path = TwitterTableViewController.h; sourceTree = "<group>"; };
		FC6212D81DD33C1500CE3A6D /* TwitterTableViewController.m */ = {isa = PBXFileReference; fileEncoding = 4; lastKnownFileType = sourcecode.c.objc; path = TwitterTableViewController.m; sourceTree = "<group>"; };
		FC6212DF1DD33C9200CE3A6D /* TwitterTableViewCell.h */ = {isa = PBXFileReference; fileEncoding = 4; lastKnownFileType = sourcecode.c.h; path = TwitterTableViewCell.h; sourceTree = "<group>"; };
		FC6212E01DD33C9200CE3A6D /* TwitterTableViewCell.m */ = {isa = PBXFileReference; fileEncoding = 4; lastKnownFileType = sourcecode.c.objc; path = TwitterTableViewCell.m; sourceTree = "<group>"; };
		FC6212E11DD33C9200CE3A6D /* TwitterTableViewCell.xib */ = {isa = PBXFileReference; fileEncoding = 4; lastKnownFileType = file.xib; path = TwitterTableViewCell.xib; sourceTree = "<group>"; };
/* End PBXFileReference section */

/* Begin PBXFrameworksBuildPhase section */
		FC2253D21DD09E5F0089B553 /* Frameworks */ = {
			isa = PBXFrameworksBuildPhase;
			buildActionMask = 2147483647;
			files = (
			);
			runOnlyForDeploymentPostprocessing = 0;
		};
/* End PBXFrameworksBuildPhase section */

/* Begin PBXGroup section */
		FC2253CC1DD09E5F0089B553 = {
			isa = PBXGroup;
			children = (
				FC2253D71DD09E600089B553 /* ExerciciosAula06 */,
				FC2253D61DD09E600089B553 /* Products */,
			);
			sourceTree = "<group>";
		};
		FC2253D61DD09E600089B553 /* Products */ = {
			isa = PBXGroup;
			children = (
				FC2253D51DD09E600089B553 /* ExerciciosAula06.app */,
			);
			name = Products;
			sourceTree = "<group>";
		};
		FC2253D71DD09E600089B553 /* ExerciciosAula06 */ = {
			isa = PBXGroup;
			children = (
				FC2253DB1DD09E600089B553 /* AppDelegate.h */,
				FC2253DC1DD09E600089B553 /* AppDelegate.m */,
				FC2253DE1DD09E600089B553 /* ViewController.h */,
				FC2253DF1DD09E600089B553 /* ViewController.m */,
				FC2253E11DD09E600089B553 /* Main.storyboard */,
				FC2253E71DD09E600089B553 /* Assets.xcassets */,
				FC2253E91DD09E600089B553 /* LaunchScreen.storyboard */,
				FC2253EC1DD09E600089B553 /* Info.plist */,
				FC2253E41DD09E600089B553 /* ExerciciosAula06.xcdatamodeld */,
				FC2253D81DD09E600089B553 /* Supporting Files */,
				FC2253F71DD0A3900089B553 /* InstagramTableViewCell.h */,
				FC2253F81DD0A3900089B553 /* InstagramTableViewCell.m */,
				FC2253F91DD0A3900089B553 /* InstagramTableViewCell.xib */,
				FC2253FC1DD0A3AB0089B553 /* InstagramTableViewController.h */,
				FC2253FD1DD0A3AB0089B553 /* InstagramTableViewController.m */,
				FC2253FF1DD1E6FA0089B553 /* FacebookTableViewController.h */,
				FC2254001DD1E6FA0089B553 /* FacebookTableViewController.m */,
				FC2254021DD1E7130089B553 /* FacebookTableViewCell.h */,
				FC2254031DD1E7130089B553 /* FacebookTableViewCell.m */,
				FC2254041DD1E7130089B553 /* FacebookTableViewCell.xib */,
				FC6212D71DD33C1500CE3A6D /* TwitterTableViewController.h */,
				FC6212D81DD33C1500CE3A6D /* TwitterTableViewController.m */,
				FC6212DF1DD33C9200CE3A6D /* TwitterTableViewCell.h */,
				FC6212E01DD33C9200CE3A6D /* TwitterTableViewCell.m */,
				FC6212E11DD33C9200CE3A6D /* TwitterTableViewCell.xib */,
			);
			path = ExerciciosAula06;
			sourceTree = "<group>";
		};
		FC2253D81DD09E600089B553 /* Supporting Files */ = {
			isa = PBXGroup;
			children = (
				FC2253D91DD09E600089B553 /* main.m */,
			);
			name = "Supporting Files";
			sourceTree = "<group>";
		};
/* End PBXGroup section */

/* Begin PBXNativeTarget section */
		FC2253D41DD09E5F0089B553 /* ExerciciosAula06 */ = {
			isa = PBXNativeTarget;
			buildConfigurationList = FC2253EF1DD09E600089B553 /* Build configuration list for PBXNativeTarget "ExerciciosAula06" */;
			buildPhases = (
				FC2253D11DD09E5F0089B553 /* Sources */,
				FC2253D21DD09E5F0089B553 /* Frameworks */,
				FC2253D31DD09E5F0089B553 /* Resources */,
			);
			buildRules = (
			);
			dependencies = (
			);
			name = ExerciciosAula06;
			productName = ExerciciosAula06;
			productReference = FC2253D51DD09E600089B553 /* ExerciciosAula06.app */;
			productType = "com.apple.product-type.application";
		};
/* End PBXNativeTarget section */

/* Begin PBXProject section */
		FC2253CD1DD09E5F0089B553 /* Project object */ = {
			isa = PBXProject;
			attributes = {
				LastUpgradeCheck = 0810;
				ORGANIZATIONNAME = "Ismael Mendonça";
				TargetAttributes = {
					FC2253D41DD09E5F0089B553 = {
						CreatedOnToolsVersion = 8.1;
						ProvisioningStyle = Automatic;
					};
				};
			};
			buildConfigurationList = FC2253D01DD09E5F0089B553 /* Build configuration list for PBXProject "ExerciciosAula06" */;
			compatibilityVersion = "Xcode 3.2";
			developmentRegion = English;
			hasScannedForEncodings = 0;
			knownRegions = (
				en,
				Base,
			);
			mainGroup = FC2253CC1DD09E5F0089B553;
			productRefGroup = FC2253D61DD09E600089B553 /* Products */;
			projectDirPath = "";
			projectRoot = "";
			targets = (
				FC2253D41DD09E5F0089B553 /* ExerciciosAula06 */,
			);
		};
/* End PBXProject section */

/* Begin PBXResourcesBuildPhase section */
		FC2253D31DD09E5F0089B553 /* Resources */ = {
			isa = PBXResourcesBuildPhase;
			buildActionMask = 2147483647;
			files = (
				FC2253FB1DD0A3900089B553 /* InstagramTableViewCell.xib in Resources */,
				FC6212E31DD33C9200CE3A6D /* TwitterTableViewCell.xib in Resources */,
				FC2253EB1DD09E600089B553 /* LaunchScreen.storyboard in Resources */,
				FC2253E81DD09E600089B553 /* Assets.xcassets in Resources */,
				FC2253E31DD09E600089B553 /* Main.storyboard in Resources */,
				FC2254061DD1E7130089B553 /* FacebookTableViewCell.xib in Resources */,
			);
			runOnlyForDeploymentPostprocessing = 0;
		};
/* End PBXResourcesBuildPhase section */

/* Begin PBXSourcesBuildPhase section */
		FC2253D11DD09E5F0089B553 /* Sources */ = {
			isa = PBXSourcesBuildPhase;
			buildActionMask = 2147483647;
			files = (
				FC2253E61DD09E600089B553 /* ExerciciosAula06.xcdatamodeld in Sources */,
				FC6212E21DD33C9200CE3A6D /* TwitterTableViewCell.m in Sources */,
				FC6212D91DD33C1500CE3A6D /* TwitterTableViewController.m in Sources */,
				FC2253E01DD09E600089B553 /* ViewController.m in Sources */,
				FC2253FA1DD0A3900089B553 /* InstagramTableViewCell.m in Sources */,
				FC2254011DD1E6FA0089B553 /* FacebookTableViewController.m in Sources */,
				FC2253DD1DD09E600089B553 /* AppDelegate.m in Sources */,
				FC2253FE1DD0A3AB0089B553 /* InstagramTableViewController.m in Sources */,
				FC2253DA1DD09E600089B553 /* main.m in Sources */,
				FC2254051DD1E7130089B553 /* FacebookTableViewCell.m in Sources */,
			);
			runOnlyForDeploymentPostprocessing = 0;
		};
/* End PBXSourcesBuildPhase section */

/* Begin PBXVariantGroup section */
		FC2253E11DD09E600089B553 /* Main.storyboard */ = {
			isa = PBXVariantGroup;
			children = (
				FC2253E21DD09E600089B553 /* Base */,
			);
			name = Main.storyboard;
			sourceTree = "<group>";
		};
		FC2253E91DD09E600089B553 /* LaunchScreen.storyboard */ = {
			isa = PBXVariantGroup;
			children = (
				FC2253EA1DD09E600089B553 /* Base */,
			);
			name = LaunchScreen.storyboard;
			sourceTree = "<group>";
		};
/* End PBXVariantGroup section */

/* Begin XCBuildConfiguration section */
		FC2253ED1DD09E600089B553 /* Debug */ = {
			isa = XCBuildConfiguration;
			buildSettings = {
				ALWAYS_SEARCH_USER_PATHS = NO;
				CLANG_ANALYZER_NONNULL = YES;
				CLANG_CXX_LANGUAGE_STANDARD = "gnu++0x";
				CLANG_CXX_LIBRARY = "libc++";
				CLANG_ENABLE_MODULES = YES;
				CLANG_ENABLE_OBJC_ARC = YES;
				CLANG_WARN_BOOL_CONVERSION = YES;
				CLANG_WARN_CONSTANT_CONVERSION = YES;
				CLANG_WARN_DIRECT_OBJC_ISA_USAGE = YES_ERROR;
				CLANG_WARN_DOCUMENTATION_COMMENTS = YES;
				CLANG_WARN_EMPTY_BODY = YES;
				CLANG_WARN_ENUM_CONVERSION = YES;
				CLANG_WARN_INFINITE_RECURSION = YES;
				CLANG_WARN_INT_CONVERSION = YES;
				CLANG_WARN_OBJC_ROOT_CLASS = YES_ERROR;
				CLANG_WARN_SUSPICIOUS_MOVES = YES;
				CLANG_WARN_UNREACHABLE_CODE = YES;
				CLANG_WARN__DUPLICATE_METHOD_MATCH = YES;
				"CODE_SIGN_IDENTITY[sdk=iphoneos*]" = "iPhone Developer";
				COPY_PHASE_STRIP = NO;
				DEBUG_INFORMATION_FORMAT = dwarf;
				ENABLE_STRICT_OBJC_MSGSEND = YES;
				ENABLE_TESTABILITY = YES;
				GCC_C_LANGUAGE_STANDARD = gnu99;
				GCC_DYNAMIC_NO_PIC = NO;
				GCC_NO_COMMON_BLOCKS = YES;
				GCC_OPTIMIZATION_LEVEL = 0;
				GCC_PREPROCESSOR_DEFINITIONS = (
					"DEBUG=1",
					"$(inherited)",
				);
				GCC_WARN_64_TO_32_BIT_CONVERSION = YES;
				GCC_WARN_ABOUT_RETURN_TYPE = YES_ERROR;
				GCC_WARN_UNDECLARED_SELECTOR = YES;
				GCC_WARN_UNINITIALIZED_AUTOS = YES_AGGRESSIVE;
				GCC_WARN_UNUSED_FUNCTION = YES;
				GCC_WARN_UNUSED_VARIABLE = YES;
				IPHONEOS_DEPLOYMENT_TARGET = 10.1;
				MTL_ENABLE_DEBUG_INFO = YES;
				ONLY_ACTIVE_ARCH = YES;
				SDKROOT = iphoneos;
				TARGETED_DEVICE_FAMILY = "1,2";
			};
			name = Debug;
		};
		FC2253EE1DD09E600089B553 /* Release */ = {
			isa = XCBuildConfiguration;
			buildSettings = {
				ALWAYS_SEARCH_USER_PATHS = NO;
				CLANG_ANALYZER_NONNULL = YES;
				CLANG_CXX_LANGUAGE_STANDARD = "gnu++0x";
				CLANG_CXX_LIBRARY = "libc++";
				CLANG_ENABLE_MODULES = YES;
				CLANG_ENABLE_OBJC_ARC = YES;
				CLANG_WARN_BOOL_CONVERSION = YES;
				CLANG_WARN_CONSTANT_CONVERSION = YES;
				CLANG_WARN_DIRECT_OBJC_ISA_USAGE = YES_ERROR;
				CLANG_WARN_DOCUMENTATION_COMMENTS = YES;
				CLANG_WARN_EMPTY_BODY = YES;
				CLANG_WARN_ENUM_CONVERSION = YES;
				CLANG_WARN_INFINITE_RECURSION = YES;
				CLANG_WARN_INT_CONVERSION = YES;
				CLANG_WARN_OBJC_ROOT_CLASS = YES_ERROR;
				CLANG_WARN_SUSPICIOUS_MOVES = YES;
				CLANG_WARN_UNREACHABLE_CODE = YES;
				CLANG_WARN__DUPLICATE_METHOD_MATCH = YES;
				"CODE_SIGN_IDENTITY[sdk=iphoneos*]" = "iPhone Developer";
				COPY_PHASE_STRIP = NO;
				DEBUG_INFORMATION_FORMAT = "dwarf-with-dsym";
				ENABLE_NS_ASSERTIONS = NO;
				ENABLE_STRICT_OBJC_MSGSEND = YES;
				GCC_C_LANGUAGE_STANDARD = gnu99;
				GCC_NO_COMMON_BLOCKS = YES;
				GCC_WARN_64_TO_32_BIT_CONVERSION = YES;
				GCC_WARN_ABOUT_RETURN_TYPE = YES_ERROR;
				GCC_WARN_UNDECLARED_SELECTOR = YES;
				GCC_WARN_UNINITIALIZED_AUTOS = YES_AGGRESSIVE;
				GCC_WARN_UNUSED_FUNCTION = YES;
				GCC_WARN_UNUSED_VARIABLE = YES;
				IPHONEOS_DEPLOYMENT_TARGET = 10.1;
				MTL_ENABLE_DEBUG_INFO = NO;
				SDKROOT = iphoneos;
				TARGETED_DEVICE_FAMILY = "1,2";
				VALIDATE_PRODUCT = YES;
			};
			name = Release;
		};
		FC2253F01DD09E600089B553 /* Debug */ = {
			isa = XCBuildConfiguration;
			buildSettings = {
				ASSETCATALOG_COMPILER_APPICON_NAME = AppIcon;
				INFOPLIST_FILE = ExerciciosAula06/Info.plist;
				LD_RUNPATH_SEARCH_PATHS = "$(inherited) @executable_path/Frameworks";
				PRODUCT_BUNDLE_IDENTIFIER = ismael.mendonca.ExerciciosAula06;
				PRODUCT_NAME = "$(TARGET_NAME)";
			};
			name = Debug;
		};
		FC2253F11DD09E600089B553 /* Release */ = {
			isa = XCBuildConfiguration;
			buildSettings = {
				ASSETCATALOG_COMPILER_APPICON_NAME = AppIcon;
				INFOPLIST_FILE = ExerciciosAula06/Info.plist;
				LD_RUNPATH_SEARCH_PATHS = "$(inherited) @executable_path/Frameworks";
				PRODUCT_BUNDLE_IDENTIFIER = ismael.mendonca.ExerciciosAula06;
				PRODUCT_NAME = "$(TARGET_NAME)";
			};
			name = Release;
		};
/* End XCBuildConfiguration section */

/* Begin XCConfigurationList section */
		FC2253D01DD09E5F0089B553 /* Build configuration list for PBXProject "ExerciciosAula06" */ = {
			isa = XCConfigurationList;
			buildConfigurations = (
				FC2253ED1DD09E600089B553 /* Debug */,
				FC2253EE1DD09E600089B553 /* Release */,
			);
			defaultConfigurationIsVisible = 0;
			defaultConfigurationName = Release;
		};
		FC2253EF1DD09E600089B553 /* Build configuration list for PBXNativeTarget "ExerciciosAula06" */ = {
			isa = XCConfigurationList;
			buildConfigurations = (
				FC2253F01DD09E600089B553 /* Debug */,
				FC2253F11DD09E600089B553 /* Release */,
			);
			defaultConfigurationIsVisible = 0;
			defaultConfigurationName = Release;
		};
/* End XCConfigurationList section */

/* Begin XCVersionGroup section */
		FC2253E41DD09E600089B553 /* ExerciciosAula06.xcdatamodeld */ = {
			isa = XCVersionGroup;
			children = (
				FC2253E51DD09E600089B553 /* ExerciciosAula06.xcdatamodel */,
			);
			currentVersion = FC2253E51DD09E600089B553 /* ExerciciosAula06.xcdatamodel */;
			path = ExerciciosAula06.xcdatamodeld;
			sourceTree = "<group>";
			versionGroupType = wrapper.xcdatamodel;
		};
/* End XCVersionGroup section */
	};
	rootObject = FC2253CD1DD09E5F0089B553 /* Project object */;
}
