// !$*UTF8*$!
{
	archiveVersion = 1;
	classes = {
	};
	objectVersion = 46;
	objects = {

/* Begin PBXBuildFile section */
		57318A011D5BEAF500FC3F5C /* main.m in Sources */ = {isa = PBXBuildFile; fileRef = 57318A001D5BEAF500FC3F5C /* main.m */; };
		57318A041D5BEAF500FC3F5C /* AppDelegate.m in Sources */ = {isa = PBXBuildFile; fileRef = 57318A031D5BEAF500FC3F5C /* AppDelegate.m */; };
		57318A071D5BEAF500FC3F5C /* ViewController.m in Sources */ = {isa = PBXBuildFile; fileRef = 57318A061D5BEAF500FC3F5C /* ViewController.m */; };
		57318A0A1D5BEAF500FC3F5C /* Main.storyboard in Resources */ = {isa = PBXBuildFile; fileRef = 57318A081D5BEAF500FC3F5C /* Main.storyboard */; };
		57318A0D1D5BEAF500FC3F5C /* GuideMe.xcdatamodeld in Sources */ = {isa = PBXBuildFile; fileRef = 57318A0B1D5BEAF500FC3F5C /* GuideMe.xcdatamodeld */; };
		57318A0F1D5BEAF500FC3F5C /* Assets.xcassets in Resources */ = {isa = PBXBuildFile; fileRef = 57318A0E1D5BEAF500FC3F5C /* Assets.xcassets */; };
		57318A121D5BEAF500FC3F5C /* LaunchScreen.storyboard in Resources */ = {isa = PBXBuildFile; fileRef = 57318A101D5BEAF500FC3F5C /* LaunchScreen.storyboard */; };
		576C41361D5C037D004DC23C /* HelpMeOneViewController.m in Sources */ = {isa = PBXBuildFile; fileRef = 576C41351D5C037D004DC23C /* HelpMeOneViewController.m */; };
		802189F21D89B02600985597 /* HelpMeTwoViewController.m in Sources */ = {isa = PBXBuildFile; fileRef = 802189F11D89B02600985597 /* HelpMeTwoViewController.m */; };
		802189F51D89B0B100985597 /* LoginViewController.m in Sources */ = {isa = PBXBuildFile; fileRef = 802189F41D89B0B100985597 /* LoginViewController.m */; };
		802189F81D89BAE900985597 /* ContactsTableViewController.m in Sources */ = {isa = PBXBuildFile; fileRef = 802189F71D89BAE900985597 /* ContactsTableViewController.m */; };
		FC0A8D521E16C08B00146A42 /* (null) in Resources */ = {isa = PBXBuildFile; };
		FC0A8D551E16CFE900146A42 /* AddUserTableViewController.m in Sources */ = {isa = PBXBuildFile; fileRef = FC0A8D541E16CFE900146A42 /* AddUserTableViewController.m */; };
		FC0A8D581E16D70800146A42 /* UserDAO.m in Sources */ = {isa = PBXBuildFile; fileRef = FC0A8D571E16D70800146A42 /* UserDAO.m */; };
		FC0A8D741E19509C00146A42 /* SessionData.m in Sources */ = {isa = PBXBuildFile; fileRef = FC0A8D731E19509C00146A42 /* SessionData.m */; };
		FC0A8D771E1A82EF00146A42 /* RandomImageCollectionViewController.m in Sources */ = {isa = PBXBuildFile; fileRef = FC0A8D761E1A82EF00146A42 /* RandomImageCollectionViewController.m */; };
		FC0A8D7A1E1AA3AA00146A42 /* ImageCollectionViewCell.m in Sources */ = {isa = PBXBuildFile; fileRef = FC0A8D791E1AA3AA00146A42 /* ImageCollectionViewCell.m */; };
		FC0EACDF1E16B5B800ACCA66 /* ContactsHeaderView.m in Sources */ = {isa = PBXBuildFile; fileRef = FC0EACDE1E16B5B800ACCA66 /* ContactsHeaderView.m */; };
		FC0EACE21E16BB2A00ACCA66 /* ContactsCell.m in Sources */ = {isa = PBXBuildFile; fileRef = FC0EACE11E16BB2A00ACCA66 /* ContactsCell.m */; };
		FC6098951E12C10E005AA3B1 /* ContactDAO.m in Sources */ = {isa = PBXBuildFile; fileRef = FC6098941E12C10E005AA3B1 /* ContactDAO.m */; };
		FC6098991E12C541005AA3B1 /* AlertUtil.m in Sources */ = {isa = PBXBuildFile; fileRef = FC6098981E12C541005AA3B1 /* AlertUtil.m */; };
		FC6098A81E12D7B2005AA3B1 /* AddContactTableViewController.m in Sources */ = {isa = PBXBuildFile; fileRef = FC6098A71E12D7B2005AA3B1 /* AddContactTableViewController.m */; };
		FCAB27FC1E143205000909E0 /* ColorUtil.m in Sources */ = {isa = PBXBuildFile; fileRef = FCAB27FB1E143205000909E0 /* ColorUtil.m */; };
		FCADD3381E1C03200081C082 /* Contact+CoreDataClass.m in Sources */ = {isa = PBXBuildFile; fileRef = FCADD3311E1C03200081C082 /* Contact+CoreDataClass.m */; };
		FCADD3391E1C03200081C082 /* Contact+CoreDataProperties.m in Sources */ = {isa = PBXBuildFile; fileRef = FCADD3331E1C03200081C082 /* Contact+CoreDataProperties.m */; };
		FCADD33A1E1C03200081C082 /* User+CoreDataClass.m in Sources */ = {isa = PBXBuildFile; fileRef = FCADD3351E1C03200081C082 /* User+CoreDataClass.m */; };
		FCADD33B1E1C03200081C082 /* User+CoreDataProperties.m in Sources */ = {isa = PBXBuildFile; fileRef = FCADD3371E1C03200081C082 /* User+CoreDataProperties.m */; };
		FCADD33E1E1D14940081C082 /* MapViewController.m in Sources */ = {isa = PBXBuildFile; fileRef = FCADD33D1E1D14940081C082 /* MapViewController.m */; };
		FCADD3471E1D62020081C082 /* FallBehavior.m in Sources */ = {isa = PBXBuildFile; fileRef = FCADD3461E1D62020081C082 /* FallBehavior.m */; };
		FCADD34B1E1D87CE0081C082 /* ContactsHeaderView.xib in Resources */ = {isa = PBXBuildFile; fileRef = FCADD34A1E1D87CE0081C082 /* ContactsHeaderView.xib */; };
		FCADD34D1E1D921D0081C082 /* MapKit.framework in Frameworks */ = {isa = PBXBuildFile; fileRef = FCADD3401E1D58800081C082 /* MapKit.framework */; };
/* End PBXBuildFile section */

/* Begin PBXFileReference section */
		573189FC1D5BEAF500FC3F5C /* GuideMe.app */ = {isa = PBXFileReference; explicitFileType = wrapper.application; includeInIndex = 0; path = GuideMe.app; sourceTree = BUILT_PRODUCTS_DIR; };
		57318A001D5BEAF500FC3F5C /* main.m */ = {isa = PBXFileReference; lastKnownFileType = sourcecode.c.objc; path = main.m; sourceTree = "<group>"; };
		57318A021D5BEAF500FC3F5C /* AppDelegate.h */ = {isa = PBXFileReference; lastKnownFileType = sourcecode.c.h; path = AppDelegate.h; sourceTree = "<group>"; };
		57318A031D5BEAF500FC3F5C /* AppDelegate.m */ = {isa = PBXFileReference; lastKnownFileType = sourcecode.c.objc; path = AppDelegate.m; sourceTree = "<group>"; };
		57318A051D5BEAF500FC3F5C /* ViewController.h */ = {isa = PBXFileReference; lastKnownFileType = sourcecode.c.h; path = ViewController.h; sourceTree = "<group>"; };
		57318A061D5BEAF500FC3F5C /* ViewController.m */ = {isa = PBXFileReference; lastKnownFileType = sourcecode.c.objc; path = ViewController.m; sourceTree = "<group>"; };
		57318A091D5BEAF500FC3F5C /* Base */ = {isa = PBXFileReference; lastKnownFileType = file.storyboard; name = Base; path = Base.lproj/Main.storyboard; sourceTree = "<group>"; };
		57318A0C1D5BEAF500FC3F5C /* GuideMe.xcdatamodel */ = {isa = PBXFileReference; lastKnownFileType = wrapper.xcdatamodel; path = GuideMe.xcdatamodel; sourceTree = "<group>"; };
		57318A0E1D5BEAF500FC3F5C /* Assets.xcassets */ = {isa = PBXFileReference; lastKnownFileType = folder.assetcatalog; path = Assets.xcassets; sourceTree = "<group>"; };
		57318A111D5BEAF500FC3F5C /* Base */ = {isa = PBXFileReference; lastKnownFileType = file.storyboard; name = Base; path = Base.lproj/LaunchScreen.storyboard; sourceTree = "<group>"; };
		57318A131D5BEAF500FC3F5C /* Info.plist */ = {isa = PBXFileReference; lastKnownFileType = text.plist.xml; path = Info.plist; sourceTree = "<group>"; };
		576C41341D5C037D004DC23C /* HelpMeOneViewController.h */ = {isa = PBXFileReference; fileEncoding = 4; lastKnownFileType = sourcecode.c.h; path = HelpMeOneViewController.h; sourceTree = "<group>"; };
		576C41351D5C037D004DC23C /* HelpMeOneViewController.m */ = {isa = PBXFileReference; fileEncoding = 4; lastKnownFileType = sourcecode.c.objc; path = HelpMeOneViewController.m; sourceTree = "<group>"; };
		802189F01D89B02600985597 /* HelpMeTwoViewController.h */ = {isa = PBXFileReference; fileEncoding = 4; lastKnownFileType = sourcecode.c.h; path = HelpMeTwoViewController.h; sourceTree = "<group>"; };
		802189F11D89B02600985597 /* HelpMeTwoViewController.m */ = {isa = PBXFileReference; fileEncoding = 4; lastKnownFileType = sourcecode.c.objc; path = HelpMeTwoViewController.m; sourceTree = "<group>"; };
		802189F31D89B0B100985597 /* LoginViewController.h */ = {isa = PBXFileReference; fileEncoding = 4; lastKnownFileType = sourcecode.c.h; path = LoginViewController.h; sourceTree = "<group>"; };
		802189F41D89B0B100985597 /* LoginViewController.m */ = {isa = PBXFileReference; fileEncoding = 4; lastKnownFileType = sourcecode.c.objc; path = LoginViewController.m; sourceTree = "<group>"; };
		802189F61D89BAE900985597 /* ContactsTableViewController.h */ = {isa = PBXFileReference; fileEncoding = 4; lastKnownFileType = sourcecode.c.h; path = ContactsTableViewController.h; sourceTree = "<group>"; };
		802189F71D89BAE900985597 /* ContactsTableViewController.m */ = {isa = PBXFileReference; fileEncoding = 4; lastKnownFileType = sourcecode.c.objc; path = ContactsTableViewController.m; sourceTree = "<group>"; };
		FC0A8D531E16CFE900146A42 /* AddUserTableViewController.h */ = {isa = PBXFileReference; fileEncoding = 4; lastKnownFileType = sourcecode.c.h; path = AddUserTableViewController.h; sourceTree = "<group>"; };
		FC0A8D541E16CFE900146A42 /* AddUserTableViewController.m */ = {isa = PBXFileReference; fileEncoding = 4; lastKnownFileType = sourcecode.c.objc; path = AddUserTableViewController.m; sourceTree = "<group>"; };
		FC0A8D561E16D70800146A42 /* UserDAO.h */ = {isa = PBXFileReference; fileEncoding = 4; lastKnownFileType = sourcecode.c.h; name = UserDAO.h; path = GuideMe/UserDAO.h; sourceTree = "<group>"; };
		FC0A8D571E16D70800146A42 /* UserDAO.m */ = {isa = PBXFileReference; fileEncoding = 4; lastKnownFileType = sourcecode.c.objc; name = UserDAO.m; path = GuideMe/UserDAO.m; sourceTree = "<group>"; };
		FC0A8D721E19509C00146A42 /* SessionData.h */ = {isa = PBXFileReference; fileEncoding = 4; lastKnownFileType = sourcecode.c.h; path = SessionData.h; sourceTree = "<group>"; };
		FC0A8D731E19509C00146A42 /* SessionData.m */ = {isa = PBXFileReference; fileEncoding = 4; lastKnownFileType = sourcecode.c.objc; path = SessionData.m; sourceTree = "<group>"; };
		FC0A8D751E1A82EF00146A42 /* RandomImageCollectionViewController.h */ = {isa = PBXFileReference; fileEncoding = 4; lastKnownFileType = sourcecode.c.h; path = RandomImageCollectionViewController.h; sourceTree = "<group>"; };
		FC0A8D761E1A82EF00146A42 /* RandomImageCollectionViewController.m */ = {isa = PBXFileReference; fileEncoding = 4; lastKnownFileType = sourcecode.c.objc; path = RandomImageCollectionViewController.m; sourceTree = "<group>"; };
		FC0A8D781E1AA3AA00146A42 /* ImageCollectionViewCell.h */ = {isa = PBXFileReference; fileEncoding = 4; lastKnownFileType = sourcecode.c.h; path = ImageCollectionViewCell.h; sourceTree = "<group>"; };
		FC0A8D791E1AA3AA00146A42 /* ImageCollectionViewCell.m */ = {isa = PBXFileReference; fileEncoding = 4; lastKnownFileType = sourcecode.c.objc; path = ImageCollectionViewCell.m; sourceTree = "<group>"; };
		FC0EACDD1E16B5B800ACCA66 /* ContactsHeaderView.h */ = {isa = PBXFileReference; fileEncoding = 4; lastKnownFileType = sourcecode.c.h; path = ContactsHeaderView.h; sourceTree = "<group>"; };
		FC0EACDE1E16B5B800ACCA66 /* ContactsHeaderView.m */ = {isa = PBXFileReference; fileEncoding = 4; lastKnownFileType = sourcecode.c.objc; path = ContactsHeaderView.m; sourceTree = "<group>"; };
		FC0EACE01E16BB2A00ACCA66 /* ContactsCell.h */ = {isa = PBXFileReference; fileEncoding = 4; lastKnownFileType = sourcecode.c.h; path = ContactsCell.h; sourceTree = "<group>"; };
		FC0EACE11E16BB2A00ACCA66 /* ContactsCell.m */ = {isa = PBXFileReference; fileEncoding = 4; lastKnownFileType = sourcecode.c.objc; path = ContactsCell.m; sourceTree = "<group>"; };
		FC6098931E12C10E005AA3B1 /* ContactDAO.h */ = {isa = PBXFileReference; fileEncoding = 4; lastKnownFileType = sourcecode.c.h; name = ContactDAO.h; path = GuideMe/ContactDAO.h; sourceTree = "<group>"; };
		FC6098941E12C10E005AA3B1 /* ContactDAO.m */ = {isa = PBXFileReference; fileEncoding = 4; lastKnownFileType = sourcecode.c.objc; name = ContactDAO.m; path = GuideMe/ContactDAO.m; sourceTree = "<group>"; };
		FC6098971E12C541005AA3B1 /* AlertUtil.h */ = {isa = PBXFileReference; fileEncoding = 4; lastKnownFileType = sourcecode.c.h; path = AlertUtil.h; sourceTree = "<group>"; };
		FC6098981E12C541005AA3B1 /* AlertUtil.m */ = {isa = PBXFileReference; fileEncoding = 4; lastKnownFileType = sourcecode.c.objc; path = AlertUtil.m; sourceTree = "<group>"; };
		FC6098A61E12D7B2005AA3B1 /* AddContactTableViewController.h */ = {isa = PBXFileReference; fileEncoding = 4; lastKnownFileType = sourcecode.c.h; path = AddContactTableViewController.h; sourceTree = "<group>"; };
		FC6098A71E12D7B2005AA3B1 /* AddContactTableViewController.m */ = {isa = PBXFileReference; fileEncoding = 4; lastKnownFileType = sourcecode.c.objc; path = AddContactTableViewController.m; sourceTree = "<group>"; };
		FCAB27FA1E143205000909E0 /* ColorUtil.h */ = {isa = PBXFileReference; fileEncoding = 4; lastKnownFileType = sourcecode.c.h; path = ColorUtil.h; sourceTree = "<group>"; };
		FCAB27FB1E143205000909E0 /* ColorUtil.m */ = {isa = PBXFileReference; fileEncoding = 4; lastKnownFileType = sourcecode.c.objc; path = ColorUtil.m; sourceTree = "<group>"; };
		FCADD3301E1C03200081C082 /* Contact+CoreDataClass.h */ = {isa = PBXFileReference; fileEncoding = 4; lastKnownFileType = sourcecode.c.h; name = "Contact+CoreDataClass.h"; path = "GuideMe/Contact+CoreDataClass.h"; sourceTree = "<group>"; };
		FCADD3311E1C03200081C082 /* Contact+CoreDataClass.m */ = {isa = PBXFileReference; fileEncoding = 4; lastKnownFileType = sourcecode.c.objc; name = "Contact+CoreDataClass.m"; path = "GuideMe/Contact+CoreDataClass.m"; sourceTree = "<group>"; };
		FCADD3321E1C03200081C082 /* Contact+CoreDataProperties.h */ = {isa = PBXFileReference; fileEncoding = 4; lastKnownFileType = sourcecode.c.h; name = "Contact+CoreDataProperties.h"; path = "GuideMe/Contact+CoreDataProperties.h"; sourceTree = "<group>"; };
		FCADD3331E1C03200081C082 /* Contact+CoreDataProperties.m */ = {isa = PBXFileReference; fileEncoding = 4; lastKnownFileType = sourcecode.c.objc; name = "Contact+CoreDataProperties.m"; path = "GuideMe/Contact+CoreDataProperties.m"; sourceTree = "<group>"; };
		FCADD3341E1C03200081C082 /* User+CoreDataClass.h */ = {isa = PBXFileReference; fileEncoding = 4; lastKnownFileType = sourcecode.c.h; name = "User+CoreDataClass.h"; path = "GuideMe/User+CoreDataClass.h"; sourceTree = "<group>"; };
		FCADD3351E1C03200081C082 /* User+CoreDataClass.m */ = {isa = PBXFileReference; fileEncoding = 4; lastKnownFileType = sourcecode.c.objc; name = "User+CoreDataClass.m"; path = "GuideMe/User+CoreDataClass.m"; sourceTree = "<group>"; };
		FCADD3361E1C03200081C082 /* User+CoreDataProperties.h */ = {isa = PBXFileReference; fileEncoding = 4; lastKnownFileType = sourcecode.c.h; name = "User+CoreDataProperties.h"; path = "GuideMe/User+CoreDataProperties.h"; sourceTree = "<group>"; };
		FCADD3371E1C03200081C082 /* User+CoreDataProperties.m */ = {isa = PBXFileReference; fileEncoding = 4; lastKnownFileType = sourcecode.c.objc; name = "User+CoreDataProperties.m"; path = "GuideMe/User+CoreDataProperties.m"; sourceTree = "<group>"; };
		FCADD33C1E1D14940081C082 /* MapViewController.h */ = {isa = PBXFileReference; fileEncoding = 4; lastKnownFileType = sourcecode.c.h; path = MapViewController.h; sourceTree = "<group>"; };
		FCADD33D1E1D14940081C082 /* MapViewController.m */ = {isa = PBXFileReference; fileEncoding = 4; lastKnownFileType = sourcecode.c.objc; path = MapViewController.m; sourceTree = "<group>"; };
		FCADD3401E1D58800081C082 /* MapKit.framework */ = {isa = PBXFileReference; lastKnownFileType = wrapper.framework; name = MapKit.framework; path = System/Library/Frameworks/MapKit.framework; sourceTree = SDKROOT; };
		FCADD3451E1D62020081C082 /* FallBehavior.h */ = {isa = PBXFileReference; fileEncoding = 4; lastKnownFileType = sourcecode.c.h; path = FallBehavior.h; sourceTree = "<group>"; };
		FCADD3461E1D62020081C082 /* FallBehavior.m */ = {isa = PBXFileReference; fileEncoding = 4; lastKnownFileType = sourcecode.c.objc; path = FallBehavior.m; sourceTree = "<group>"; };
		FCADD34A1E1D87CE0081C082 /* ContactsHeaderView.xib */ = {isa = PBXFileReference; fileEncoding = 4; lastKnownFileType = file.xib; path = ContactsHeaderView.xib; sourceTree = "<group>"; };
/* End PBXFileReference section */

/* Begin PBXFrameworksBuildPhase section */
		573189F91D5BEAF500FC3F5C /* Frameworks */ = {
			isa = PBXFrameworksBuildPhase;
			buildActionMask = 2147483647;
			files = (
				FCADD34D1E1D921D0081C082 /* MapKit.framework in Frameworks */,
			);
			runOnlyForDeploymentPostprocessing = 0;
		};
/* End PBXFrameworksBuildPhase section */

/* Begin PBXGroup section */
		573189F31D5BEAF500FC3F5C = {
			isa = PBXGroup;
			children = (
				573189FE1D5BEAF500FC3F5C /* GuideMe */,
				573189FD1D5BEAF500FC3F5C /* Products */,
				FCADD33F1E1D58800081C082 /* Frameworks */,
			);
			sourceTree = "<group>";
		};
		573189FD1D5BEAF500FC3F5C /* Products */ = {
			isa = PBXGroup;
			children = (
				573189FC1D5BEAF500FC3F5C /* GuideMe.app */,
			);
			name = Products;
			sourceTree = "<group>";
		};
		573189FE1D5BEAF500FC3F5C /* GuideMe */ = {
			isa = PBXGroup;
			children = (
				FC0A8D711E19506D00146A42 /* Singletons */,
				FC6098961E12C50D005AA3B1 /* Utils */,
				83D22C141DFF6449003E8DD8 /* Entities */,
				57318A021D5BEAF500FC3F5C /* AppDelegate.h */,
				57318A031D5BEAF500FC3F5C /* AppDelegate.m */,
				57318A051D5BEAF500FC3F5C /* ViewController.h */,
				57318A061D5BEAF500FC3F5C /* ViewController.m */,
				57318A081D5BEAF500FC3F5C /* Main.storyboard */,
				FC0A8D531E16CFE900146A42 /* AddUserTableViewController.h */,
				FC0A8D541E16CFE900146A42 /* AddUserTableViewController.m */,
				FC0EACDD1E16B5B800ACCA66 /* ContactsHeaderView.h */,
				FC0EACDE1E16B5B800ACCA66 /* ContactsHeaderView.m */,
				FCADD34A1E1D87CE0081C082 /* ContactsHeaderView.xib */,
				57318A0E1D5BEAF500FC3F5C /* Assets.xcassets */,
				57318A101D5BEAF500FC3F5C /* LaunchScreen.storyboard */,
				57318A131D5BEAF500FC3F5C /* Info.plist */,
				57318A0B1D5BEAF500FC3F5C /* GuideMe.xcdatamodeld */,
				573189FF1D5BEAF500FC3F5C /* Supporting Files */,
				576C41341D5C037D004DC23C /* HelpMeOneViewController.h */,
				576C41351D5C037D004DC23C /* HelpMeOneViewController.m */,
				802189F01D89B02600985597 /* HelpMeTwoViewController.h */,
				802189F11D89B02600985597 /* HelpMeTwoViewController.m */,
				802189F31D89B0B100985597 /* LoginViewController.h */,
				802189F41D89B0B100985597 /* LoginViewController.m */,
				802189F61D89BAE900985597 /* ContactsTableViewController.h */,
				802189F71D89BAE900985597 /* ContactsTableViewController.m */,
				FC6098A61E12D7B2005AA3B1 /* AddContactTableViewController.h */,
				FC6098A71E12D7B2005AA3B1 /* AddContactTableViewController.m */,
				FC0EACE01E16BB2A00ACCA66 /* ContactsCell.h */,
				FC0EACE11E16BB2A00ACCA66 /* ContactsCell.m */,
				FC0A8D751E1A82EF00146A42 /* RandomImageCollectionViewController.h */,
				FC0A8D761E1A82EF00146A42 /* RandomImageCollectionViewController.m */,
				FCADD3451E1D62020081C082 /* FallBehavior.h */,
				FCADD3461E1D62020081C082 /* FallBehavior.m */,
				FC0A8D781E1AA3AA00146A42 /* ImageCollectionViewCell.h */,
				FC0A8D791E1AA3AA00146A42 /* ImageCollectionViewCell.m */,
				FCADD33C1E1D14940081C082 /* MapViewController.h */,
				FCADD33D1E1D14940081C082 /* MapViewController.m */,
			);
			path = GuideMe;
			sourceTree = "<group>";
		};
		573189FF1D5BEAF500FC3F5C /* Supporting Files */ = {
			isa = PBXGroup;
			children = (
				57318A001D5BEAF500FC3F5C /* main.m */,
			);
			name = "Supporting Files";
			sourceTree = "<group>";
		};
		83D22C141DFF6449003E8DD8 /* Entities */ = {
			isa = PBXGroup;
			children = (
				FCADD3301E1C03200081C082 /* Contact+CoreDataClass.h */,
				FCADD3311E1C03200081C082 /* Contact+CoreDataClass.m */,
				FCADD3321E1C03200081C082 /* Contact+CoreDataProperties.h */,
				FCADD3331E1C03200081C082 /* Contact+CoreDataProperties.m */,
				FCADD3341E1C03200081C082 /* User+CoreDataClass.h */,
				FCADD3351E1C03200081C082 /* User+CoreDataClass.m */,
				FCADD3361E1C03200081C082 /* User+CoreDataProperties.h */,
				FCADD3371E1C03200081C082 /* User+CoreDataProperties.m */,
				FC6098921E12C0DB005AA3B1 /* DAO */,
			);
			name = Entities;
			path = ..;
			sourceTree = "<group>";
		};
		FC0A8D711E19506D00146A42 /* Singletons */ = {
			isa = PBXGroup;
			children = (
				FC0A8D721E19509C00146A42 /* SessionData.h */,
				FC0A8D731E19509C00146A42 /* SessionData.m */,
			);
			name = Singletons;
			sourceTree = "<group>";
		};
		FC6098921E12C0DB005AA3B1 /* DAO */ = {
			isa = PBXGroup;
			children = (
				FC6098931E12C10E005AA3B1 /* ContactDAO.h */,
				FC6098941E12C10E005AA3B1 /* ContactDAO.m */,
				FC0A8D561E16D70800146A42 /* UserDAO.h */,
				FC0A8D571E16D70800146A42 /* UserDAO.m */,
			);
			name = DAO;
			sourceTree = "<group>";
		};
		FC6098961E12C50D005AA3B1 /* Utils */ = {
			isa = PBXGroup;
			children = (
				FC6098971E12C541005AA3B1 /* AlertUtil.h */,
				FC6098981E12C541005AA3B1 /* AlertUtil.m */,
				FCAB27FA1E143205000909E0 /* ColorUtil.h */,
				FCAB27FB1E143205000909E0 /* ColorUtil.m */,
			);
			name = Utils;
			sourceTree = "<group>";
		};
		FCADD33F1E1D58800081C082 /* Frameworks */ = {
			isa = PBXGroup;
			children = (
				FCADD3401E1D58800081C082 /* MapKit.framework */,
			);
			name = Frameworks;
			sourceTree = "<group>";
		};
/* End PBXGroup section */

/* Begin PBXNativeTarget section */
		573189FB1D5BEAF500FC3F5C /* GuideMe */ = {
			isa = PBXNativeTarget;
			buildConfigurationList = 57318A161D5BEAF500FC3F5C /* Build configuration list for PBXNativeTarget "GuideMe" */;
			buildPhases = (
				573189F81D5BEAF500FC3F5C /* Sources */,
				573189F91D5BEAF500FC3F5C /* Frameworks */,
				573189FA1D5BEAF500FC3F5C /* Resources */,
			);
			buildRules = (
			);
			dependencies = (
			);
			name = GuideMe;
			productName = GuideMe;
			productReference = 573189FC1D5BEAF500FC3F5C /* GuideMe.app */;
			productType = "com.apple.product-type.application";
		};
/* End PBXNativeTarget section */

/* Begin PBXProject section */
		573189F41D5BEAF500FC3F5C /* Project object */ = {
			isa = PBXProject;
			attributes = {
				LastUpgradeCheck = 0810;
				ORGANIZATIONNAME = ALUNO;
				TargetAttributes = {
					573189FB1D5BEAF500FC3F5C = {
						CreatedOnToolsVersion = 7.3.1;
						DevelopmentTeam = W7L72F5H99;
						LastSwiftMigration = 0800;
						SystemCapabilities = {
							com.apple.Maps.iOS = {
								enabled = 1;
							};
						};
					};
				};
			};
			buildConfigurationList = 573189F71D5BEAF500FC3F5C /* Build configuration list for PBXProject "GuideMe" */;
			compatibilityVersion = "Xcode 3.2";
			developmentRegion = English;
			hasScannedForEncodings = 0;
			knownRegions = (
				en,
				Base,
			);
			mainGroup = 573189F31D5BEAF500FC3F5C;
			productRefGroup = 573189FD1D5BEAF500FC3F5C /* Products */;
			projectDirPath = "";
			projectRoot = "";
			targets = (
				573189FB1D5BEAF500FC3F5C /* GuideMe */,
			);
		};
/* End PBXProject section */

/* Begin PBXResourcesBuildPhase section */
		573189FA1D5BEAF500FC3F5C /* Resources */ = {
			isa = PBXResourcesBuildPhase;
			buildActionMask = 2147483647;
			files = (
				57318A121D5BEAF500FC3F5C /* LaunchScreen.storyboard in Resources */,
				57318A0F1D5BEAF500FC3F5C /* Assets.xcassets in Resources */,
				FC0A8D521E16C08B00146A42 /* (null) in Resources */,
				FCADD34B1E1D87CE0081C082 /* ContactsHeaderView.xib in Resources */,
				57318A0A1D5BEAF500FC3F5C /* Main.storyboard in Resources */,
			);
			runOnlyForDeploymentPostprocessing = 0;
		};
/* End PBXResourcesBuildPhase section */

/* Begin PBXSourcesBuildPhase section */
		573189F81D5BEAF500FC3F5C /* Sources */ = {
			isa = PBXSourcesBuildPhase;
			buildActionMask = 2147483647;
			files = (
				802189F21D89B02600985597 /* HelpMeTwoViewController.m in Sources */,
				FCADD3391E1C03200081C082 /* Contact+CoreDataProperties.m in Sources */,
				FC6098951E12C10E005AA3B1 /* ContactDAO.m in Sources */,
				FCADD33E1E1D14940081C082 /* MapViewController.m in Sources */,
				FCADD33B1E1C03200081C082 /* User+CoreDataProperties.m in Sources */,
				FC0A8D7A1E1AA3AA00146A42 /* ImageCollectionViewCell.m in Sources */,
				FC0A8D581E16D70800146A42 /* UserDAO.m in Sources */,
				FC0EACDF1E16B5B800ACCA66 /* ContactsHeaderView.m in Sources */,
				FC6098991E12C541005AA3B1 /* AlertUtil.m in Sources */,
				57318A0D1D5BEAF500FC3F5C /* GuideMe.xcdatamodeld in Sources */,
				FC6098A81E12D7B2005AA3B1 /* AddContactTableViewController.m in Sources */,
				FCAB27FC1E143205000909E0 /* ColorUtil.m in Sources */,
				FC0A8D551E16CFE900146A42 /* AddUserTableViewController.m in Sources */,
				57318A071D5BEAF500FC3F5C /* ViewController.m in Sources */,
				FCADD3471E1D62020081C082 /* FallBehavior.m in Sources */,
				57318A041D5BEAF500FC3F5C /* AppDelegate.m in Sources */,
				802189F51D89B0B100985597 /* LoginViewController.m in Sources */,
				FCADD33A1E1C03200081C082 /* User+CoreDataClass.m in Sources */,
				57318A011D5BEAF500FC3F5C /* main.m in Sources */,
				FCADD3381E1C03200081C082 /* Contact+CoreDataClass.m in Sources */,
				802189F81D89BAE900985597 /* ContactsTableViewController.m in Sources */,
				FC0EACE21E16BB2A00ACCA66 /* ContactsCell.m in Sources */,
				FC0A8D771E1A82EF00146A42 /* RandomImageCollectionViewController.m in Sources */,
				576C41361D5C037D004DC23C /* HelpMeOneViewController.m in Sources */,
				FC0A8D741E19509C00146A42 /* SessionData.m in Sources */,
			);
			runOnlyForDeploymentPostprocessing = 0;
		};
/* End PBXSourcesBuildPhase section */

/* Begin PBXVariantGroup section */
		57318A081D5BEAF500FC3F5C /* Main.storyboard */ = {
			isa = PBXVariantGroup;
			children = (
				57318A091D5BEAF500FC3F5C /* Base */,
			);
			name = Main.storyboard;
			sourceTree = "<group>";
		};
		57318A101D5BEAF500FC3F5C /* LaunchScreen.storyboard */ = {
			isa = PBXVariantGroup;
			children = (
				57318A111D5BEAF500FC3F5C /* Base */,
			);
			name = LaunchScreen.storyboard;
			sourceTree = "<group>";
		};
/* End PBXVariantGroup section */

/* Begin XCBuildConfiguration section */
		57318A141D5BEAF500FC3F5C /* Debug */ = {
			isa = XCBuildConfiguration;
			buildSettings = {
				ALWAYS_SEARCH_USER_PATHS = NO;
				CLANG_ANALYZER_NONNULL = YES;
				CLANG_CXX_LANGUAGE_STANDARD = "gnu++0x";
				CLANG_CXX_LIBRARY = "libc++";
				CLANG_ENABLE_MODULES = YES;
				CLANG_ENABLE_OBJC_ARC = YES;
				CLANG_WARN_BOOL_CONVERSION = YES;
				CLANG_WARN_CONSTANT_CONVERSION = YES;
				CLANG_WARN_DIRECT_OBJC_ISA_USAGE = YES_ERROR;
				CLANG_WARN_EMPTY_BODY = YES;
				CLANG_WARN_ENUM_CONVERSION = YES;
				CLANG_WARN_INFINITE_RECURSION = YES;
				CLANG_WARN_INT_CONVERSION = YES;
				CLANG_WARN_OBJC_ROOT_CLASS = YES_ERROR;
				CLANG_WARN_SUSPICIOUS_MOVE = YES;
				CLANG_WARN_UNREACHABLE_CODE = YES;
				CLANG_WARN__DUPLICATE_METHOD_MATCH = YES;
				"CODE_SIGN_IDENTITY[sdk=iphoneos*]" = "iPhone Developer";
				COPY_PHASE_STRIP = NO;
				DEBUG_INFORMATION_FORMAT = dwarf;
				ENABLE_STRICT_OBJC_MSGSEND = YES;
				ENABLE_TESTABILITY = YES;
				GCC_C_LANGUAGE_STANDARD = gnu99;
				GCC_DYNAMIC_NO_PIC = NO;
				GCC_NO_COMMON_BLOCKS = YES;
				GCC_OPTIMIZATION_LEVEL = 0;
				GCC_PREPROCESSOR_DEFINITIONS = (
					"DEBUG=1",
					"$(inherited)",
				);
				GCC_WARN_64_TO_32_BIT_CONVERSION = YES;
				GCC_WARN_ABOUT_RETURN_TYPE = YES_ERROR;
				GCC_WARN_UNDECLARED_SELECTOR = YES;
				GCC_WARN_UNINITIALIZED_AUTOS = YES_AGGRESSIVE;
				GCC_WARN_UNUSED_FUNCTION = YES;
				GCC_WARN_UNUSED_VARIABLE = YES;
				IPHONEOS_DEPLOYMENT_TARGET = 9.3;
				MTL_ENABLE_DEBUG_INFO = YES;
				ONLY_ACTIVE_ARCH = YES;
				SDKROOT = iphoneos;
				TARGETED_DEVICE_FAMILY = "1,2";
			};
			name = Debug;
		};
		57318A151D5BEAF500FC3F5C /* Release */ = {
			isa = XCBuildConfiguration;
			buildSettings = {
				ALWAYS_SEARCH_USER_PATHS = NO;
				CLANG_ANALYZER_NONNULL = YES;
				CLANG_CXX_LANGUAGE_STANDARD = "gnu++0x";
				CLANG_CXX_LIBRARY = "libc++";
				CLANG_ENABLE_MODULES = YES;
				CLANG_ENABLE_OBJC_ARC = YES;
				CLANG_WARN_BOOL_CONVERSION = YES;
				CLANG_WARN_CONSTANT_CONVERSION = YES;
				CLANG_WARN_DIRECT_OBJC_ISA_USAGE = YES_ERROR;
				CLANG_WARN_EMPTY_BODY = YES;
				CLANG_WARN_ENUM_CONVERSION = YES;
				CLANG_WARN_INFINITE_RECURSION = YES;
				CLANG_WARN_INT_CONVERSION = YES;
				CLANG_WARN_OBJC_ROOT_CLASS = YES_ERROR;
				CLANG_WARN_SUSPICIOUS_MOVE = YES;
				CLANG_WARN_UNREACHABLE_CODE = YES;
				CLANG_WARN__DUPLICATE_METHOD_MATCH = YES;
				"CODE_SIGN_IDENTITY[sdk=iphoneos*]" = "iPhone Developer";
				COPY_PHASE_STRIP = NO;
				DEBUG_INFORMATION_FORMAT = "dwarf-with-dsym";
				ENABLE_NS_ASSERTIONS = NO;
				ENABLE_STRICT_OBJC_MSGSEND = YES;
				GCC_C_LANGUAGE_STANDARD = gnu99;
				GCC_NO_COMMON_BLOCKS = YES;
				GCC_WARN_64_TO_32_BIT_CONVERSION = YES;
				GCC_WARN_ABOUT_RETURN_TYPE = YES_ERROR;
				GCC_WARN_UNDECLARED_SELECTOR = YES;
				GCC_WARN_UNINITIALIZED_AUTOS = YES_AGGRESSIVE;
				GCC_WARN_UNUSED_FUNCTION = YES;
				GCC_WARN_UNUSED_VARIABLE = YES;
				IPHONEOS_DEPLOYMENT_TARGET = 9.3;
				MTL_ENABLE_DEBUG_INFO = NO;
				SDKROOT = iphoneos;
				TARGETED_DEVICE_FAMILY = "1,2";
				VALIDATE_PRODUCT = YES;
			};
			name = Release;
		};
		57318A171D5BEAF500FC3F5C /* Debug */ = {
			isa = XCBuildConfiguration;
			buildSettings = {
				ASSETCATALOG_COMPILER_APPICON_NAME = AppIcon;
				CLANG_ENABLE_MODULES = YES;
				DEVELOPMENT_TEAM = W7L72F5H99;
				INFOPLIST_FILE = GuideMe/Info.plist;
				LD_RUNPATH_SEARCH_PATHS = "$(inherited) @executable_path/Frameworks";
				PRODUCT_BUNDLE_IDENTIFIER = br.aluno.GuideMe;
				PRODUCT_NAME = "$(TARGET_NAME)";
				SWIFT_OPTIMIZATION_LEVEL = "-Onone";
				SWIFT_VERSION = 3.0;
			};
			name = Debug;
		};
		57318A181D5BEAF500FC3F5C /* Release */ = {
			isa = XCBuildConfiguration;
			buildSettings = {
				ASSETCATALOG_COMPILER_APPICON_NAME = AppIcon;
				CLANG_ENABLE_MODULES = YES;
				DEVELOPMENT_TEAM = W7L72F5H99;
				INFOPLIST_FILE = GuideMe/Info.plist;
				LD_RUNPATH_SEARCH_PATHS = "$(inherited) @executable_path/Frameworks";
				PRODUCT_BUNDLE_IDENTIFIER = br.aluno.GuideMe;
				PRODUCT_NAME = "$(TARGET_NAME)";
				SWIFT_VERSION = 3.0;
			};
			name = Release;
		};
/* End XCBuildConfiguration section */

/* Begin XCConfigurationList section */
		573189F71D5BEAF500FC3F5C /* Build configuration list for PBXProject "GuideMe" */ = {
			isa = XCConfigurationList;
			buildConfigurations = (
				57318A141D5BEAF500FC3F5C /* Debug */,
				57318A151D5BEAF500FC3F5C /* Release */,
			);
			defaultConfigurationIsVisible = 0;
			defaultConfigurationName = Release;
		};
		57318A161D5BEAF500FC3F5C /* Build configuration list for PBXNativeTarget "GuideMe" */ = {
			isa = XCConfigurationList;
			buildConfigurations = (
				57318A171D5BEAF500FC3F5C /* Debug */,
				57318A181D5BEAF500FC3F5C /* Release */,
			);
			defaultConfigurationIsVisible = 0;
			defaultConfigurationName = Release;
		};
/* End XCConfigurationList section */

/* Begin XCVersionGroup section */
		57318A0B1D5BEAF500FC3F5C /* GuideMe.xcdatamodeld */ = {
			isa = XCVersionGroup;
			children = (
				57318A0C1D5BEAF500FC3F5C /* GuideMe.xcdatamodel */,
			);
			currentVersion = 57318A0C1D5BEAF500FC3F5C /* GuideMe.xcdatamodel */;
			path = GuideMe.xcdatamodeld;
			sourceTree = "<group>";
			versionGroupType = wrapper.xcdatamodel;
		};
/* End XCVersionGroup section */
	};
	rootObject = 573189F41D5BEAF500FC3F5C /* Project object */;
}
